
Microsoft Visual Studio Solution File, Format Version 12.00
# Visual Studio 15
VisualStudioVersion = 15.0.28307.852
MinimumVisualStudioVersion = 10.0.40219.1
Project("{FAE04EC0-301F-11D3-BF4B-00C04F79EFBC}") = "AppearceOfString", "AppearceOfString\AppearceOfString.csproj", "{A3133AB2-34A3-4608-BE01-7B09CA52DE63}"
EndProject
Global
	GlobalSection(SolutionConfigurationPlatforms) = preSolution
		Debug|Any CPU = Debug|Any CPU
		Release|Any CPU = Release|Any CPU
	EndGlobalSection
	GlobalSection(ProjectConfigurationPlatforms) = postSolution
		{A3133AB2-34A3-4608-BE01-7B09CA52DE63}.Debug|Any CPU.ActiveCfg = Debug|Any CPU
		{A3133AB2-34A3-4608-BE01-7B09CA52DE63}.Debug|Any CPU.Build.0 = Debug|Any CPU
		{A3133AB2-34A3-4608-BE01-7B09CA52DE63}.Release|Any CPU.ActiveCfg = Release|Any CPU
		{A3133AB2-34A3-4608-BE01-7B09CA52DE63}.Release|Any CPU.Build.0 = Release|Any CPU
	EndGlobalSection
	GlobalSection(SolutionProperties) = preSolution
		HideSolutionNode = FALSE
	EndGlobalSection
	GlobalSection(ExtensibilityGlobals) = postSolution
		SolutionGuid = {15020181-0534-48D8-90F8-4C2A80330241}
	EndGlobalSection
EndGlobal
